
Microsoft Visual Studio Solution File, Format Version 12.00
Project("{FAE04EC0-301F-11D3-BF4B-00C04F79EFBC}") = "covariantExample", "covariantExample\covariantExample.csproj", "{BD90073D-F15C-42B3-B178-504F6F2F14DA}"
EndProject
Project("{FAE04EC0-301F-11D3-BF4B-00C04F79EFBC}") = "CovariantExample.Tests", "CovariantExample.Tests\CovariantExample.Tests.csproj", "{35C451C6-4C0C-4B7E-BE4D-C3DF5F4C4304}"
EndProject
Global
	GlobalSection(SolutionConfigurationPlatforms) = preSolution
		Debug|Any CPU = Debug|Any CPU
		Release|Any CPU = Release|Any CPU
	EndGlobalSection
	GlobalSection(ProjectConfigurationPlatforms) = postSolution
		{BD90073D-F15C-42B3-B178-504F6F2F14DA}.Debug|Any CPU.ActiveCfg = Debug|Any CPU
		{BD90073D-F15C-42B3-B178-504F6F2F14DA}.Debug|Any CPU.Build.0 = Debug|Any CPU
		{BD90073D-F15C-42B3-B178-504F6F2F14DA}.Release|Any CPU.ActiveCfg = Release|Any CPU
		{BD90073D-F15C-42B3-B178-504F6F2F14DA}.Release|Any CPU.Build.0 = Release|Any CPU
		{35C451C6-4C0C-4B7E-BE4D-C3DF5F4C4304}.Debug|Any CPU.ActiveCfg = Debug|Any CPU
		{35C451C6-4C0C-4B7E-BE4D-C3DF5F4C4304}.Debug|Any CPU.Build.0 = Debug|Any CPU
		{35C451C6-4C0C-4B7E-BE4D-C3DF5F4C4304}.Release|Any CPU.ActiveCfg = Release|Any CPU
		{35C451C6-4C0C-4B7E-BE4D-C3DF5F4C4304}.Release|Any CPU.Build.0 = Release|Any CPU
	EndGlobalSection
EndGlobal
